{
 "name": "zkt-build-tools",
 "version": "0.1.23",
 "lockfileVersion": 1,
 "requires": true,
 "dependencies": {
  "@sindresorhus/is": {
   "version": "0.14.0",
   "resolved": "http://npm.zhiketong.net:8081/repository/npm/@sindresorhus/is/-/is-0.14.0.tgz",
   "integrity": "sha1-n7OjzzEyMoFR81PeRjLgHlIQK+o="
  },
  "@szmarczak/http-timer": {
   "version": "1.1.2",
   "resolved": "http://npm.zhiketong.net:8081/repository/npm/@szmarczak/http-timer/-/http-timer-1.1.2.tgz",
   "integrity": "sha1-sWZeLEYaLNkvTBu/UNVFTeDUtCE=",
   "requires": {
    "defer-to-connect": "^1.0.1"
   }
  },
  "babel-plugin-add-module-exports": {
   "version": "0.2.1",
   "resolved": "http://npm.yin126.com:8081/repository/npm/babel-plugin-add-module-exports/-/babel-plugin-add-module-exports-0.2.1.tgz",
   "integrity": "sha1-mumh9KjcZ/DN7E9K7aHkOl/2XiU="
  },
  "cacheable-request": {
   "version": "6.1.0",
   "resolved": "http://npm.zhiketong.net:8081/repository/npm/cacheable-request/-/cacheable-request-6.1.0.tgz",
   "integrity": "sha1-IP+4vRYrpL4R6VZ9gj22UQUsqRI=",
   "requires": {
    "clone-response": "^1.0.2",
    "get-stream": "^5.1.0",
    "http-cache-semantics": "^4.0.0",
    "keyv": "^3.0.0",
    "lowercase-keys": "^2.0.0",
    "normalize-url": "^4.1.0",
    "responselike": "^1.0.2"
   },
   "dependencies": {
    "get-stream": {
     "version": "5.1.0",
     "resolved": "http://npm.zhiketong.net:8081/repository/npm/get-stream/-/get-stream-5.1.0.tgz",
     "integrity": "sha1-ASA83JJZf5uQkGfD5lbMH008Tck=",
     "requires": {
      "pump": "^3.0.0"
     }
    },
    "lowercase-keys": {
     "version": "2.0.0",
     "resolved": "http://npm.zhiketong.net:8081/repository/npm/lowercase-keys/-/lowercase-keys-2.0.0.tgz",
     "integrity": "sha1-JgPni3tLAAbLyi+8yKMgJVislHk="
    },
    "pump": {
     "version": "3.0.0",
     "resolved": "http://npm.zhiketong.net:8081/repository/npm/pump/-/pump-3.0.0.tgz",
     "integrity": "sha1-tKIRaBW94vTh6mAjVOjHVWUQemQ=",
     "requires": {
      "end-of-stream": "^1.1.0",
      "once": "^1.3.1"
     }
    }
   }
  },
  "clone-response": {
   "version": "1.0.2",
   "resolved": "http://npm.zhiketong.net:8081/repository/npm/clone-response/-/clone-response-1.0.2.tgz",
   "integrity": "sha1-0dyXOSAxTfZ/vrlCI7TuNQI56Ws=",
   "requires": {
    "mimic-response": "^1.0.0"
   }
  },
  "colors": {
   "version": "1.3.2",
   "resolved": "http://npm.yin126.com:8081/repository/npm/colors/-/colors-1.3.2.tgz",
   "integrity": "sha1-Lfj/Vz378lWvVi+M5xgda5caNZs="
  },
  "compare-versions": {
   "version": "3.4.0",
   "resolved": "http://npm.yin126.com:8081/repository/npm/compare-versions/-/compare-versions-3.4.0.tgz",
   "integrity": "sha1-4HR99cnLfwVNbT3D4dvERPnpKyY="
  },
  "cross-spawn": {
   "version": "5.1.0",
   "resolved": "http://npm.yin126.com:8081/repository/npm/cross-spawn/-/cross-spawn-5.1.0.tgz",
   "integrity": "sha1-6L0O/uWPz/b4+UUQoKVUu/ojVEk=",
   "requires": {
    "lru-cache": "^4.0.1",
    "shebang-command": "^1.2.0",
    "which": "^1.2.9"
   }
  },
  "current-git-branch": {
   "version": "1.1.0",
   "resolved": "http://npm.yin126.com:8081/repository/npm/current-git-branch/-/current-git-branch-1.1.0.tgz",
   "integrity": "sha1-NzDnHuAk7SfasW10DlsepHdPpJ8=",
   "requires": {
    "babel-plugin-add-module-exports": "^0.2.1",
    "execa": "^0.6.1",
    "is-git-repository": "^1.0.0"
   }
  },
  "decompress-response": {
   "version": "3.3.0",
   "resolved": "http://npm.zhiketong.net:8081/repository/npm/decompress-response/-/decompress-response-3.3.0.tgz",
   "integrity": "sha1-gKTdMjdIOEv6JICDYirt7Jgq3/M=",
   "requires": {
    "mimic-response": "^1.0.0"
   }
  },
  "deep-extend": {
   "version": "0.6.0",
   "resolved": "http://npm.zhiketong.net:8081/repository/npm/deep-extend/-/deep-extend-0.6.0.tgz",
   "integrity": "sha1-xPp8lUBKF6nD6Mp+FTcxK3NjMKw="
  },
  "defer-to-connect": {
   "version": "1.1.3",
   "resolved": "http://npm.zhiketong.net:8081/repository/npm/defer-to-connect/-/defer-to-connect-1.1.3.tgz",
   "integrity": "sha1-MxrgUMCNz3ifjIOnuB8O2U9KxZE="
  },
  "duplexer3": {
   "version": "0.1.4",
   "resolved": "http://npm.zhiketong.net:8081/repository/npm/duplexer3/-/duplexer3-0.1.4.tgz",
   "integrity": "sha1-7gHdHKwO08vH/b6jfcCo8c4ALOI="
  },
  "end-of-stream": {
   "version": "1.4.1",
   "resolved": "http://npm.yin126.com:8081/repository/npm/end-of-stream/-/end-of-stream-1.4.1.tgz",
   "integrity": "sha1-7SljTRm6ukY7bOa4CjchPqtx7EM=",
   "requires": {
    "once": "^1.4.0"
   }
  },
  "execa": {
   "version": "0.6.3",
   "resolved": "http://npm.yin126.com:8081/repository/npm/execa/-/execa-0.6.3.tgz",
   "integrity": "sha1-V7aaWU8IF1nGnlNw8NF7nLEWWP4=",
   "requires": {
    "cross-spawn": "^5.0.1",
    "get-stream": "^3.0.0",
    "is-stream": "^1.1.0",
    "npm-run-path": "^2.0.0",
    "p-finally": "^1.0.0",
    "signal-exit": "^3.0.0",
    "strip-eof": "^1.0.0"
   }
  },
  "get-stream": {
   "version": "3.0.0",
   "resolved": "http://npm.yin126.com:8081/repository/npm/get-stream/-/get-stream-3.0.0.tgz",
   "integrity": "sha1-jpQ9E1jcN1VQVOy+LtsFqhdO3hQ="
  },
  "got": {
   "version": "9.6.0",
   "resolved": "http://npm.zhiketong.net:8081/repository/npm/got/-/got-9.6.0.tgz",
   "integrity": "sha1-7fRefWf5lUVwXeH3u+7rEhdl7YU=",
   "requires": {
    "@sindresorhus/is": "^0.14.0",
    "@szmarczak/http-timer": "^1.1.2",
    "cacheable-request": "^6.0.0",
    "decompress-response": "^3.3.0",
    "duplexer3": "^0.1.4",
    "get-stream": "^4.1.0",
    "lowercase-keys": "^1.0.1",
    "mimic-response": "^1.0.1",
    "p-cancelable": "^1.0.0",
    "to-readable-stream": "^1.0.0",
    "url-parse-lax": "^3.0.0"
   },
   "dependencies": {
    "get-stream": {
     "version": "4.1.0",
     "resolved": "http://npm.zhiketong.net:8081/repository/npm/get-stream/-/get-stream-4.1.0.tgz",
     "integrity": "sha1-wbJVV189wh1Zv8ec09K0axw6VLU=",
     "requires": {
      "pump": "^3.0.0"
     }
    },
    "pump": {
     "version": "3.0.0",
     "resolved": "http://npm.zhiketong.net:8081/repository/npm/pump/-/pump-3.0.0.tgz",
     "integrity": "sha1-tKIRaBW94vTh6mAjVOjHVWUQemQ=",
     "requires": {
      "end-of-stream": "^1.1.0",
      "once": "^1.3.1"
     }
    }
   }
  },
  "http-cache-semantics": {
   "version": "4.1.0",
   "resolved": "http://npm.zhiketong.net:8081/repository/npm/http-cache-semantics/-/http-cache-semantics-4.1.0.tgz",
   "integrity": "sha1-SekcXL82yblLz81xwj1SSex045A="
  },
  "ini": {
   "version": "1.3.5",
   "resolved": "http://npm.zhiketong.net:8081/repository/npm/ini/-/ini-1.3.5.tgz",
   "integrity": "sha1-7uJfVtscnsYIXgwid4CD9Zar+Sc="
  },
  "is-git-repository": {
   "version": "1.1.1",
   "resolved": "http://npm.yin126.com:8081/repository/npm/is-git-repository/-/is-git-repository-1.1.1.tgz",
   "integrity": "sha1-xo5LeoBkIjSarsSIlzqQVY1+m+A=",
   "requires": {
    "execa": "^0.6.1",
    "path-is-absolute": "^1.0.1"
   }
  },
  "is-stream": {
   "version": "1.1.0",
   "resolved": "http://npm.yin126.com:8081/repository/npm/is-stream/-/is-stream-1.1.0.tgz",
   "integrity": "sha1-EtSj3U5o4Lec6428hBc66A2RykQ="
  },
  "isexe": {
   "version": "2.0.0",
   "resolved": "http://npm.yin126.com:8081/repository/npm/isexe/-/isexe-2.0.0.tgz",
   "integrity": "sha1-6PvzdNxVb/iUehDcsFctYz8s+hA="
  },
  "json-buffer": {
   "version": "3.0.0",
   "resolved": "http://npm.zhiketong.net:8081/repository/npm/json-buffer/-/json-buffer-3.0.0.tgz",
   "integrity": "sha1-Wx85evx11ne96Lz8Dkfh+aPZqJg="
  },
  "keyv": {
   "version": "3.1.0",
   "resolved": "http://npm.zhiketong.net:8081/repository/npm/keyv/-/keyv-3.1.0.tgz",
   "integrity": "sha1-7MIoSG9pmR5J6UdkhaW+Ho/FxNk=",
   "requires": {
    "json-buffer": "3.0.0"
   }
  },
  "lowercase-keys": {
   "version": "1.0.1",
   "resolved": "http://npm.zhiketong.net:8081/repository/npm/lowercase-keys/-/lowercase-keys-1.0.1.tgz",
   "integrity": "sha1-b54wtHCE2XGnyCD/FabFFnt0wm8="
  },
  "lru-cache": {
   "version": "4.1.5",
   "resolved": "http://npm.yin126.com:8081/repository/npm/lru-cache/-/lru-cache-4.1.5.tgz",
   "integrity": "sha1-i75Q6oW+1ZvJ4z3KuCNe6bz0Q80=",
   "requires": {
    "pseudomap": "^1.0.2",
    "yallist": "^2.1.2"
   }
  },
  "mimic-response": {
   "version": "1.0.1",
   "resolved": "http://npm.zhiketong.net:8081/repository/npm/mimic-response/-/mimic-response-1.0.1.tgz",
   "integrity": "sha1-SSNTiHju9CBjy4o+OweYeBSHqxs="
  },
  "minimist": {
   "version": "1.2.5",
   "resolved": "http://npm.zhiketong.net:8081/repository/npm/minimist/-/minimist-1.2.5.tgz",
   "integrity": "sha1-Z9ZgFLZqaoqqDAg8X9WN9OTpdgI="
  },
  "normalize-url": {
   "version": "4.5.0",
   "resolved": "http://npm.zhiketong.net:8081/repository/npm/normalize-url/-/normalize-url-4.5.0.tgz",
   "integrity": "sha1-RTNUCH5sqWlXvY9br3U/WYIUISk="
  },
  "npm-run-path": {
   "version": "2.0.2",
   "resolved": "http://npm.yin126.com:8081/repository/npm/npm-run-path/-/npm-run-path-2.0.2.tgz",
   "integrity": "sha1-NakjLfo11wZ7TLLd8jV7GHFTbF8=",
   "requires": {
    "path-key": "^2.0.0"
   }
  },
  "once": {
   "version": "1.4.0",
   "resolved": "http://npm.yin126.com:8081/repository/npm/once/-/once-1.4.0.tgz",
   "integrity": "sha1-WDsap3WWHUsROsF9nFC6753Xa9E=",
   "requires": {
    "wrappy": "1"
   }
  },
  "p-cancelable": {
   "version": "1.1.0",
   "resolved": "http://npm.zhiketong.net:8081/repository/npm/p-cancelable/-/p-cancelable-1.1.0.tgz",
   "integrity": "sha1-0HjRWjr0CSIMiG8dmgyi5EGrJsw="
  },
  "p-finally": {
   "version": "1.0.0",
   "resolved": "http://npm.yin126.com:8081/repository/npm/p-finally/-/p-finally-1.0.0.tgz",
   "integrity": "sha1-P7z7FbiZpEEjs0ttzBi3JDNqLK4="
  },
  "package-json": {
   "version": "6.5.0",
   "resolved": "http://npm.zhiketong.net:8081/repository/npm/package-json/-/package-json-6.5.0.tgz",
   "integrity": "sha1-b+7ayjXnVyWHbQsOZJdGl/7RRbA=",
   "requires": {
    "got": "^9.6.0",
    "registry-auth-token": "^4.0.0",
    "registry-url": "^5.0.0",
    "semver": "^6.2.0"
   },
   "dependencies": {
    "semver": {
     "version": "6.3.0",
     "resolved": "http://npm.zhiketong.net:8081/repository/npm/semver/-/semver-6.3.0.tgz",
     "integrity": "sha1-7gpkyK9ejO6mdoexM3YeG+y9HT0="
    }
   }
  },
  "path-is-absolute": {
   "version": "1.0.1",
   "resolved": "http://npm.yin126.com:8081/repository/npm/path-is-absolute/-/path-is-absolute-1.0.1.tgz",
   "integrity": "sha1-F0uSaHNVNP+8es5r9TpanhtcX18="
  },
  "path-key": {
   "version": "2.0.1",
   "resolved": "http://npm.yin126.com:8081/repository/npm/path-key/-/path-key-2.0.1.tgz",
   "integrity": "sha1-QRyttXTFoUDTpLGRDUDYDMn0C0A="
  },
  "prepend-http": {
   "version": "2.0.0",
   "resolved": "http://npm.zhiketong.net:8081/repository/npm/prepend-http/-/prepend-http-2.0.0.tgz",
   "integrity": "sha1-6SQ0v6XqjBn0HN/UAddBo8gZ2Jc="
  },
  "pseudomap": {
   "version": "1.0.2",
   "resolved": "http://npm.yin126.com:8081/repository/npm/pseudomap/-/pseudomap-1.0.2.tgz",
   "integrity": "sha1-8FKijacOYYkX7wqKw0wa5aaChrM="
  },
  "rc": {
   "version": "1.2.8",
   "resolved": "http://npm.zhiketong.net:8081/repository/npm/rc/-/rc-1.2.8.tgz",
   "integrity": "sha1-zZJL9SAKB1uDwYjNa54hG3/A0+0=",
   "requires": {
    "deep-extend": "^0.6.0",
    "ini": "~1.3.0",
    "minimist": "^1.2.0",
    "strip-json-comments": "~2.0.1"
   }
  },
  "registry-auth-token": {
   "version": "4.2.0",
   "resolved": "http://npm.zhiketong.net:8081/repository/npm/registry-auth-token/-/registry-auth-token-4.2.0.tgz",
   "integrity": "sha1-HTff/acrvs0PWB5HFVQCE6Zet9o=",
   "requires": {
    "rc": "^1.2.8"
   }
  },
  "registry-url": {
   "version": "5.1.0",
   "resolved": "http://npm.zhiketong.net:8081/repository/npm/registry-url/-/registry-url-5.1.0.tgz",
   "integrity": "sha1-6YM0tQ1UNLgRNrROxjjZwgCcUAk=",
   "requires": {
    "rc": "^1.2.8"
   }
  },
  "responselike": {
   "version": "1.0.2",
   "resolved": "http://npm.zhiketong.net:8081/repository/npm/responselike/-/responselike-1.0.2.tgz",
   "integrity": "sha1-kYcg7ztjHFZCvgaPFa3lpG9Loec=",
   "requires": {
    "lowercase-keys": "^1.0.0"
   }
  },
  "shebang-command": {
   "version": "1.2.0",
   "resolved": "http://npm.yin126.com:8081/repository/npm/shebang-command/-/shebang-command-1.2.0.tgz",
   "integrity": "sha1-RKrGW2lbAzmJaMOfNj/uXer98eo=",
   "requires": {
    "shebang-regex": "^1.0.0"
   }
  },
  "shebang-regex": {
   "version": "1.0.0",
   "resolved": "http://npm.yin126.com:8081/repository/npm/shebang-regex/-/shebang-regex-1.0.0.tgz",
   "integrity": "sha1-2kL0l0DAtC2yypcoVxyxkMmO/qM="
  },
  "signal-exit": {
   "version": "3.0.2",
   "resolved": "http://npm.yin126.com:8081/repository/npm/signal-exit/-/signal-exit-3.0.2.tgz",
   "integrity": "sha1-tf3AjxKH6hF4Yo5BXiUTK3NkbG0="
  },
  "strip-eof": {
   "version": "1.0.0",
   "resolved": "http://npm.yin126.com:8081/repository/npm/strip-eof/-/strip-eof-1.0.0.tgz",
   "integrity": "sha1-u0P/VZim6wXYm1n80SnJgzE2Br8="
  },
  "strip-json-comments": {
   "version": "2.0.1",
   "resolved": "http://npm.zhiketong.net:8081/repository/npm/strip-json-comments/-/strip-json-comments-2.0.1.tgz",
   "integrity": "sha1-PFMZQukIwml8DsNEhYwobHygpgo="
  },
  "to-readable-stream": {
   "version": "1.0.0",
   "resolved": "http://npm.zhiketong.net:8081/repository/npm/to-readable-stream/-/to-readable-stream-1.0.0.tgz",
   "integrity": "sha1-zgqgwvPfat+FLvtASng+d8BHV3E="
  },
  "url-parse-lax": {
   "version": "3.0.0",
   "resolved": "http://npm.zhiketong.net:8081/repository/npm/url-parse-lax/-/url-parse-lax-3.0.0.tgz",
   "integrity": "sha1-FrXK/Afb42dsGxmZF3gj1lA6yww=",
   "requires": {
    "prepend-http": "^2.0.0"
   }
  },
  "which": {
   "version": "1.3.1",
   "resolved": "http://npm.yin126.com:8081/repository/npm/which/-/which-1.3.1.tgz",
   "integrity": "sha1-pFBD1U9YBTFtqNYvn1CRjT2nCwo=",
   "requires": {
    "isexe": "^2.0.0"
   }
  },
  "wrappy": {
   "version": "1.0.2",
   "resolved": "http://npm.yin126.com:8081/repository/npm/wrappy/-/wrappy-1.0.2.tgz",
   "integrity": "sha1-tSQ9jz7BqjXxNkYFvA0QNuMKtp8="
  },
  "yallist": {
   "version": "2.1.2",
   "resolved": "http://npm.yin126.com:8081/repository/npm/yallist/-/yallist-2.1.2.tgz",
   "integrity": "sha1-HBH5IY8HYImkfdUS+TxmmaaoHVI="
  }
 }
}
